
Microsoft Visual Studio Solution File, Format Version 12.00
# Visual Studio Version 17
VisualStudioVersion = 17.9.34728.123
MinimumVisualStudioVersion = 10.0.40219.1
Project("{9A19103F-16F7-4668-BE54-9A1E7A4F7556}") = "Day1Concepts", "Day1Concepts\Day1Concepts.csproj", "{64662AC8-5887-40E8-B740-4CB377146EBB}"
EndProject
Project("{9A19103F-16F7-4668-BE54-9A1E7A4F7556}") = "Day2Concepts", "Day2Concepts\Day2Concepts.csproj", "{D3EE03AB-8BFA-4D34-83F3-048B2FFE4277}"
EndProject
Project("{9A19103F-16F7-4668-BE54-9A1E7A4F7556}") = "Day3Concepts", "Day3Concepts\Day3Concepts.csproj", "{40EA5486-3E69-4500-88B3-879651ED9B53}"
EndProject
Project("{9A19103F-16F7-4668-BE54-9A1E7A4F7556}") = "Day4Concepts", "Day4Concepts\Day4Concepts.csproj", "{04F3D22F-3753-43C0-970C-D11CE7D4BF0F}"
EndProject
Project("{9A19103F-16F7-4668-BE54-9A1E7A4F7556}") = "Day5Concepts", "Day5Concepts\Day5Concepts.csproj", "{36D85957-4EA7-4B84-BF8D-89D4DAB44E18}"
EndProject
Project("{9A19103F-16F7-4668-BE54-9A1E7A4F7556}") = "Day6Concepts", "Day6Concepts\Day6Concepts.csproj", "{F63B7E37-41BD-45F0-954D-91AC347FF1A3}"
EndProject
Project("{9A19103F-16F7-4668-BE54-9A1E7A4F7556}") = "Day7Concepts", "Day7Concepts\Day7Concepts.csproj", "{DF6DBDC7-14F2-44A3-B543-9990788EE375}"
EndProject
Project("{9A19103F-16F7-4668-BE54-9A1E7A4F7556}") = "Day8Concepts", "Day8Concepts\Day8Concepts.csproj", "{140C51C7-544C-4628-8234-807308F940D7}"
EndProject
Project("{9A19103F-16F7-4668-BE54-9A1E7A4F7556}") = "Day9Concepts", "Day9Concepts\Day9Concepts.csproj", "{EA6B5588-580A-429D-8101-58FB652CCB21}"
EndProject
Project("{9A19103F-16F7-4668-BE54-9A1E7A4F7556}") = "Day10Concepts", "Day10Concepts\Day10Concepts.csproj", "{3A54BCDF-62D5-4E42-9B92-10BB202496EF}"
EndProject
Project("{9A19103F-16F7-4668-BE54-9A1E7A4F7556}") = "Assmblyone", "Assmblyone\Assmblyone.csproj", "{12B841F6-F504-4C41-B8F3-24A6B59B2948}"
EndProject
Project("{9A19103F-16F7-4668-BE54-9A1E7A4F7556}") = "AssmblyTwo", "AssmblyTwo\AssmblyTwo.csproj", "{52369AAB-00B4-4972-8B7E-97A129752483}"
EndProject
Project("{9A19103F-16F7-4668-BE54-9A1E7A4F7556}") = "AssmblyTypeone", "AssmblyTypeone\AssmblyTypeone.csproj", "{92749794-4442-4D1F-8B2C-5AEF8DF7620E}"
EndProject
Project("{9A19103F-16F7-4668-BE54-9A1E7A4F7556}") = "AssmblyTypeTwo", "AssmblyTypetwo\AssmblyTypeTwo.csproj", "{66B797A8-131F-470B-BD8B-58C279EECDAA}"
EndProject
Project("{9A19103F-16F7-4668-BE54-9A1E7A4F7556}") = "Day11Concepts", "Day11Concepts\Day11Concepts.csproj", "{C33DC2B2-ED5C-4C8D-BD05-D244D4A7D370}"
EndProject
Project("{9A19103F-16F7-4668-BE54-9A1E7A4F7556}") = "Day12Concepts", "Day12Concepts\Day12Concepts.csproj", "{4C81243B-4E75-4934-90B1-274502291E78}"
EndProject
Project("{9A19103F-16F7-4668-BE54-9A1E7A4F7556}") = "Day13Concepts", "Day13Concepts\Day13Concepts.csproj", "{80715931-CB66-4FF6-A2A2-6DD9FF42A121}"
EndProject
Project("{9A19103F-16F7-4668-BE54-9A1E7A4F7556}") = "Day14Concepts", "Day14Concepts\Day14Concepts.csproj", "{525AEC2B-3C4A-4C73-8DAA-D27322B14734}"
EndProject
Project("{9A19103F-16F7-4668-BE54-9A1E7A4F7556}") = "Day17Concepts", "Day17Concepts\Day17Concepts.csproj", "{1DF647D9-C803-4216-9C00-3251CD8558FB}"
EndProject
Project("{9A19103F-16F7-4668-BE54-9A1E7A4F7556}") = "Day18Concepts", "Day18Concepts\Day18Concepts.csproj", "{DB1BCB42-8E71-4F18-A2BF-50F26A7B8685}"
EndProject
Project("{9A19103F-16F7-4668-BE54-9A1E7A4F7556}") = "Day19Concepts", "Day19Concepts\Day19Concepts.csproj", "{C10EE671-EF55-4296-91BF-1EC5F9FC59DC}"
EndProject
Project("{9A19103F-16F7-4668-BE54-9A1E7A4F7556}") = "Day20Concepts", "Day20Concepts\Day20Concepts.csproj", "{D4A66716-381F-4EB3-B738-486DFC7BF783}"
EndProject
Project("{9A19103F-16F7-4668-BE54-9A1E7A4F7556}") = "Day24Concepts", "Day24Concepts\Day24Concepts.csproj", "{403C5DEC-33B5-4E40-A70B-EEC00D6F2037}"
EndProject
Project("{9A19103F-16F7-4668-BE54-9A1E7A4F7556}") = "Day25Concepts", "Day25Concepts\Day25Concepts.csproj", "{9B5D32C8-2A1B-4C9F-93E5-DB3EDB6E4275}"
EndProject
Project("{9A19103F-16F7-4668-BE54-9A1E7A4F7556}") = "Day26Concepts", "Day26Concepts\Day26Concepts.csproj", "{A7014C25-1098-40AD-A10B-272753403296}"
EndProject
Project("{9A19103F-16F7-4668-BE54-9A1E7A4F7556}") = "Day29Concepts", "Day29Concepts\Day29Concepts.csproj", "{B245177C-D01E-4B71-AF33-F3991E65A3E5}"
EndProject
Project("{9A19103F-16F7-4668-BE54-9A1E7A4F7556}") = "Day30Concepts", "Day30Concepts\Day30Concepts.csproj", "{42634380-70F2-48FD-B598-1CAB088DCC7F}"
EndProject
Project("{9A19103F-16F7-4668-BE54-9A1E7A4F7556}") = "Day31Concepts", "Day31Concepts\Day31Concepts.csproj", "{92EABF51-4848-4663-87A5-FCDC4D82E1CE}"
EndProject
Project("{9A19103F-16F7-4668-BE54-9A1E7A4F7556}") = "Day32Concepts", "Day32Concepts\Day32Concepts.csproj", "{F506CEEF-557C-4785-9778-07CFD9A6ED8E}"
EndProject
Project("{9A19103F-16F7-4668-BE54-9A1E7A4F7556}") = "Day33Concepts", "Day33Concepts\Day33Concepts.csproj", "{FCDC31EB-B6DE-4201-B2F9-63A5A47D5730}"
EndProject
Project("{9A19103F-16F7-4668-BE54-9A1E7A4F7556}") = "Day34Concepts", "Day34Concepts\Day34Concepts.csproj", "{C6E9A8E1-CF5C-44C1-94E8-AB4DC7AB1967}"
EndProject
Project("{9A19103F-16F7-4668-BE54-9A1E7A4F7556}") = "Day35Concepts", "Day35Concepts\Day35Concepts.csproj", "{042EF45E-7AA5-44F7-B4CB-A7F37C120712}"
EndProject
Project("{9A19103F-16F7-4668-BE54-9A1E7A4F7556}") = "Day39Concepts", "Day39Concepts\Day39Concepts.csproj", "{0EDF1782-3F7E-4F31-825A-7CFBBB6283D6}"
EndProject
Project("{9A19103F-16F7-4668-BE54-9A1E7A4F7556}") = "Day40Concepts", "Day40Concept\Day40Concepts.csproj", "{0E0BCA63-A1B2-4D6A-A46A-D0F5435686EF}"
EndProject
Project("{FAE04EC0-301F-11D3-BF4B-00C04F79EFBC}") = "Day43Concepts", "Day43Concepts\Day43Concepts.csproj", "{8F1F0F6C-B429-4DA5-AD90-018C26D9788F}"
EndProject
Project("{FAE04EC0-301F-11D3-BF4B-00C04F79EFBC}") = "Day45Concepts", "Day45Concepts\Day45Concepts.csproj", "{BB98F6B7-30C2-4DF5-8B2F-D3790A56DD75}"
EndProject
Project("{FAE04EC0-301F-11D3-BF4B-00C04F79EFBC}") = "DAy44Concepts", "DAy44Concepts\DAy44Concepts.csproj", "{2C211518-EF76-4217-8B47-2650D1E6F2DB}"
EndProject
Global
	GlobalSection(SolutionConfigurationPlatforms) = preSolution
		Debug|Any CPU = Debug|Any CPU
		Release|Any CPU = Release|Any CPU
	EndGlobalSection
	GlobalSection(ProjectConfigurationPlatforms) = postSolution
		{64662AC8-5887-40E8-B740-4CB377146EBB}.Debug|Any CPU.ActiveCfg = Debug|Any CPU
		{64662AC8-5887-40E8-B740-4CB377146EBB}.Debug|Any CPU.Build.0 = Debug|Any CPU
		{64662AC8-5887-40E8-B740-4CB377146EBB}.Release|Any CPU.ActiveCfg = Release|Any CPU
		{64662AC8-5887-40E8-B740-4CB377146EBB}.Release|Any CPU.Build.0 = Release|Any CPU
		{D3EE03AB-8BFA-4D34-83F3-048B2FFE4277}.Debug|Any CPU.ActiveCfg = Debug|Any CPU
		{D3EE03AB-8BFA-4D34-83F3-048B2FFE4277}.Debug|Any CPU.Build.0 = Debug|Any CPU
		{D3EE03AB-8BFA-4D34-83F3-048B2FFE4277}.Release|Any CPU.ActiveCfg = Release|Any CPU
		{D3EE03AB-8BFA-4D34-83F3-048B2FFE4277}.Release|Any CPU.Build.0 = Release|Any CPU
		{40EA5486-3E69-4500-88B3-879651ED9B53}.Debug|Any CPU.ActiveCfg = Debug|Any CPU
		{40EA5486-3E69-4500-88B3-879651ED9B53}.Debug|Any CPU.Build.0 = Debug|Any CPU
		{40EA5486-3E69-4500-88B3-879651ED9B53}.Release|Any CPU.ActiveCfg = Release|Any CPU
		{40EA5486-3E69-4500-88B3-879651ED9B53}.Release|Any CPU.Build.0 = Release|Any CPU
		{04F3D22F-3753-43C0-970C-D11CE7D4BF0F}.Debug|Any CPU.ActiveCfg = Debug|Any CPU
		{04F3D22F-3753-43C0-970C-D11CE7D4BF0F}.Debug|Any CPU.Build.0 = Debug|Any CPU
		{04F3D22F-3753-43C0-970C-D11CE7D4BF0F}.Release|Any CPU.ActiveCfg = Release|Any CPU
		{04F3D22F-3753-43C0-970C-D11CE7D4BF0F}.Release|Any CPU.Build.0 = Release|Any CPU
		{36D85957-4EA7-4B84-BF8D-89D4DAB44E18}.Debug|Any CPU.ActiveCfg = Debug|Any CPU
		{36D85957-4EA7-4B84-BF8D-89D4DAB44E18}.Debug|Any CPU.Build.0 = Debug|Any CPU
		{36D85957-4EA7-4B84-BF8D-89D4DAB44E18}.Release|Any CPU.ActiveCfg = Release|Any CPU
		{36D85957-4EA7-4B84-BF8D-89D4DAB44E18}.Release|Any CPU.Build.0 = Release|Any CPU
		{F63B7E37-41BD-45F0-954D-91AC347FF1A3}.Debug|Any CPU.ActiveCfg = Debug|Any CPU
		{F63B7E37-41BD-45F0-954D-91AC347FF1A3}.Debug|Any CPU.Build.0 = Debug|Any CPU
		{F63B7E37-41BD-45F0-954D-91AC347FF1A3}.Release|Any CPU.ActiveCfg = Release|Any CPU
		{F63B7E37-41BD-45F0-954D-91AC347FF1A3}.Release|Any CPU.Build.0 = Release|Any CPU
		{DF6DBDC7-14F2-44A3-B543-9990788EE375}.Debug|Any CPU.ActiveCfg = Debug|Any CPU
		{DF6DBDC7-14F2-44A3-B543-9990788EE375}.Debug|Any CPU.Build.0 = Debug|Any CPU
		{DF6DBDC7-14F2-44A3-B543-9990788EE375}.Release|Any CPU.ActiveCfg = Release|Any CPU
		{DF6DBDC7-14F2-44A3-B543-9990788EE375}.Release|Any CPU.Build.0 = Release|Any CPU
		{140C51C7-544C-4628-8234-807308F940D7}.Debug|Any CPU.ActiveCfg = Debug|Any CPU
		{140C51C7-544C-4628-8234-807308F940D7}.Debug|Any CPU.Build.0 = Debug|Any CPU
		{140C51C7-544C-4628-8234-807308F940D7}.Release|Any CPU.ActiveCfg = Release|Any CPU
		{140C51C7-544C-4628-8234-807308F940D7}.Release|Any CPU.Build.0 = Release|Any CPU
		{EA6B5588-580A-429D-8101-58FB652CCB21}.Debug|Any CPU.ActiveCfg = Debug|Any CPU
		{EA6B5588-580A-429D-8101-58FB652CCB21}.Debug|Any CPU.Build.0 = Debug|Any CPU
		{EA6B5588-580A-429D-8101-58FB652CCB21}.Release|Any CPU.ActiveCfg = Release|Any CPU
		{EA6B5588-580A-429D-8101-58FB652CCB21}.Release|Any CPU.Build.0 = Release|Any CPU
		{3A54BCDF-62D5-4E42-9B92-10BB202496EF}.Debug|Any CPU.ActiveCfg = Debug|Any CPU
		{3A54BCDF-62D5-4E42-9B92-10BB202496EF}.Debug|Any CPU.Build.0 = Debug|Any CPU
		{3A54BCDF-62D5-4E42-9B92-10BB202496EF}.Release|Any CPU.ActiveCfg = Release|Any CPU
		{3A54BCDF-62D5-4E42-9B92-10BB202496EF}.Release|Any CPU.Build.0 = Release|Any CPU
		{12B841F6-F504-4C41-B8F3-24A6B59B2948}.Debug|Any CPU.ActiveCfg = Debug|Any CPU
		{12B841F6-F504-4C41-B8F3-24A6B59B2948}.Debug|Any CPU.Build.0 = Debug|Any CPU
		{12B841F6-F504-4C41-B8F3-24A6B59B2948}.Release|Any CPU.ActiveCfg = Release|Any CPU
		{12B841F6-F504-4C41-B8F3-24A6B59B2948}.Release|Any CPU.Build.0 = Release|Any CPU
		{52369AAB-00B4-4972-8B7E-97A129752483}.Debug|Any CPU.ActiveCfg = Debug|Any CPU
		{52369AAB-00B4-4972-8B7E-97A129752483}.Debug|Any CPU.Build.0 = Debug|Any CPU
		{52369AAB-00B4-4972-8B7E-97A129752483}.Release|Any CPU.ActiveCfg = Release|Any CPU
		{52369AAB-00B4-4972-8B7E-97A129752483}.Release|Any CPU.Build.0 = Release|Any CPU
		{92749794-4442-4D1F-8B2C-5AEF8DF7620E}.Debug|Any CPU.ActiveCfg = Debug|Any CPU
		{92749794-4442-4D1F-8B2C-5AEF8DF7620E}.Debug|Any CPU.Build.0 = Debug|Any CPU
		{92749794-4442-4D1F-8B2C-5AEF8DF7620E}.Release|Any CPU.ActiveCfg = Release|Any CPU
		{92749794-4442-4D1F-8B2C-5AEF8DF7620E}.Release|Any CPU.Build.0 = Release|Any CPU
		{66B797A8-131F-470B-BD8B-58C279EECDAA}.Debug|Any CPU.ActiveCfg = Debug|Any CPU
		{66B797A8-131F-470B-BD8B-58C279EECDAA}.Debug|Any CPU.Build.0 = Debug|Any CPU
		{66B797A8-131F-470B-BD8B-58C279EECDAA}.Release|Any CPU.ActiveCfg = Release|Any CPU
		{66B797A8-131F-470B-BD8B-58C279EECDAA}.Release|Any CPU.Build.0 = Release|Any CPU
		{C33DC2B2-ED5C-4C8D-BD05-D244D4A7D370}.Debug|Any CPU.ActiveCfg = Debug|Any CPU
		{C33DC2B2-ED5C-4C8D-BD05-D244D4A7D370}.Debug|Any CPU.Build.0 = Debug|Any CPU
		{C33DC2B2-ED5C-4C8D-BD05-D244D4A7D370}.Release|Any CPU.ActiveCfg = Release|Any CPU
		{C33DC2B2-ED5C-4C8D-BD05-D244D4A7D370}.Release|Any CPU.Build.0 = Release|Any CPU
		{4C81243B-4E75-4934-90B1-274502291E78}.Debug|Any CPU.ActiveCfg = Debug|Any CPU
		{4C81243B-4E75-4934-90B1-274502291E78}.Debug|Any CPU.Build.0 = Debug|Any CPU
		{4C81243B-4E75-4934-90B1-274502291E78}.Release|Any CPU.ActiveCfg = Release|Any CPU
		{4C81243B-4E75-4934-90B1-274502291E78}.Release|Any CPU.Build.0 = Release|Any CPU
		{80715931-CB66-4FF6-A2A2-6DD9FF42A121}.Debug|Any CPU.ActiveCfg = Debug|Any CPU
		{80715931-CB66-4FF6-A2A2-6DD9FF42A121}.Debug|Any CPU.Build.0 = Debug|Any CPU
		{80715931-CB66-4FF6-A2A2-6DD9FF42A121}.Release|Any CPU.ActiveCfg = Release|Any CPU
		{80715931-CB66-4FF6-A2A2-6DD9FF42A121}.Release|Any CPU.Build.0 = Release|Any CPU
		{525AEC2B-3C4A-4C73-8DAA-D27322B14734}.Debug|Any CPU.ActiveCfg = Debug|Any CPU
		{525AEC2B-3C4A-4C73-8DAA-D27322B14734}.Debug|Any CPU.Build.0 = Debug|Any CPU
		{525AEC2B-3C4A-4C73-8DAA-D27322B14734}.Release|Any CPU.ActiveCfg = Release|Any CPU
		{525AEC2B-3C4A-4C73-8DAA-D27322B14734}.Release|Any CPU.Build.0 = Release|Any CPU
		{1DF647D9-C803-4216-9C00-3251CD8558FB}.Debug|Any CPU.ActiveCfg = Debug|Any CPU
		{1DF647D9-C803-4216-9C00-3251CD8558FB}.Debug|Any CPU.Build.0 = Debug|Any CPU
		{1DF647D9-C803-4216-9C00-3251CD8558FB}.Release|Any CPU.ActiveCfg = Release|Any CPU
		{1DF647D9-C803-4216-9C00-3251CD8558FB}.Release|Any CPU.Build.0 = Release|Any CPU
		{DB1BCB42-8E71-4F18-A2BF-50F26A7B8685}.Debug|Any CPU.ActiveCfg = Debug|Any CPU
		{DB1BCB42-8E71-4F18-A2BF-50F26A7B8685}.Debug|Any CPU.Build.0 = Debug|Any CPU
		{DB1BCB42-8E71-4F18-A2BF-50F26A7B8685}.Release|Any CPU.ActiveCfg = Release|Any CPU
		{DB1BCB42-8E71-4F18-A2BF-50F26A7B8685}.Release|Any CPU.Build.0 = Release|Any CPU
		{C10EE671-EF55-4296-91BF-1EC5F9FC59DC}.Debug|Any CPU.ActiveCfg = Debug|Any CPU
		{C10EE671-EF55-4296-91BF-1EC5F9FC59DC}.Debug|Any CPU.Build.0 = Debug|Any CPU
		{C10EE671-EF55-4296-91BF-1EC5F9FC59DC}.Release|Any CPU.ActiveCfg = Release|Any CPU
		{C10EE671-EF55-4296-91BF-1EC5F9FC59DC}.Release|Any CPU.Build.0 = Release|Any CPU
		{D4A66716-381F-4EB3-B738-486DFC7BF783}.Debug|Any CPU.ActiveCfg = Debug|Any CPU
		{D4A66716-381F-4EB3-B738-486DFC7BF783}.Debug|Any CPU.Build.0 = Debug|Any CPU
		{D4A66716-381F-4EB3-B738-486DFC7BF783}.Release|Any CPU.ActiveCfg = Release|Any CPU
		{D4A66716-381F-4EB3-B738-486DFC7BF783}.Release|Any CPU.Build.0 = Release|Any CPU
		{403C5DEC-33B5-4E40-A70B-EEC00D6F2037}.Debug|Any CPU.ActiveCfg = Debug|Any CPU
		{403C5DEC-33B5-4E40-A70B-EEC00D6F2037}.Debug|Any CPU.Build.0 = Debug|Any CPU
		{403C5DEC-33B5-4E40-A70B-EEC00D6F2037}.Release|Any CPU.ActiveCfg = Release|Any CPU
		{403C5DEC-33B5-4E40-A70B-EEC00D6F2037}.Release|Any CPU.Build.0 = Release|Any CPU
		{9B5D32C8-2A1B-4C9F-93E5-DB3EDB6E4275}.Debug|Any CPU.ActiveCfg = Debug|Any CPU
		{9B5D32C8-2A1B-4C9F-93E5-DB3EDB6E4275}.Debug|Any CPU.Build.0 = Debug|Any CPU
		{9B5D32C8-2A1B-4C9F-93E5-DB3EDB6E4275}.Release|Any CPU.ActiveCfg = Release|Any CPU
		{9B5D32C8-2A1B-4C9F-93E5-DB3EDB6E4275}.Release|Any CPU.Build.0 = Release|Any CPU
		{A7014C25-1098-40AD-A10B-272753403296}.Debug|Any CPU.ActiveCfg = Debug|Any CPU
		{A7014C25-1098-40AD-A10B-272753403296}.Debug|Any CPU.Build.0 = Debug|Any CPU
		{A7014C25-1098-40AD-A10B-272753403296}.Release|Any CPU.ActiveCfg = Release|Any CPU
		{A7014C25-1098-40AD-A10B-272753403296}.Release|Any CPU.Build.0 = Release|Any CPU
		{B245177C-D01E-4B71-AF33-F3991E65A3E5}.Debug|Any CPU.ActiveCfg = Debug|Any CPU
		{B245177C-D01E-4B71-AF33-F3991E65A3E5}.Debug|Any CPU.Build.0 = Debug|Any CPU
		{B245177C-D01E-4B71-AF33-F3991E65A3E5}.Release|Any CPU.ActiveCfg = Release|Any CPU
		{B245177C-D01E-4B71-AF33-F3991E65A3E5}.Release|Any CPU.Build.0 = Release|Any CPU
		{42634380-70F2-48FD-B598-1CAB088DCC7F}.Debug|Any CPU.ActiveCfg = Debug|Any CPU
		{42634380-70F2-48FD-B598-1CAB088DCC7F}.Debug|Any CPU.Build.0 = Debug|Any CPU
		{42634380-70F2-48FD-B598-1CAB088DCC7F}.Release|Any CPU.ActiveCfg = Release|Any CPU
		{42634380-70F2-48FD-B598-1CAB088DCC7F}.Release|Any CPU.Build.0 = Release|Any CPU
		{92EABF51-4848-4663-87A5-FCDC4D82E1CE}.Debug|Any CPU.ActiveCfg = Debug|Any CPU
		{92EABF51-4848-4663-87A5-FCDC4D82E1CE}.Debug|Any CPU.Build.0 = Debug|Any CPU
		{92EABF51-4848-4663-87A5-FCDC4D82E1CE}.Release|Any CPU.ActiveCfg = Release|Any CPU
		{92EABF51-4848-4663-87A5-FCDC4D82E1CE}.Release|Any CPU.Build.0 = Release|Any CPU
		{F506CEEF-557C-4785-9778-07CFD9A6ED8E}.Debug|Any CPU.ActiveCfg = Debug|Any CPU
		{F506CEEF-557C-4785-9778-07CFD9A6ED8E}.Debug|Any CPU.Build.0 = Debug|Any CPU
		{F506CEEF-557C-4785-9778-07CFD9A6ED8E}.Release|Any CPU.ActiveCfg = Release|Any CPU
		{F506CEEF-557C-4785-9778-07CFD9A6ED8E}.Release|Any CPU.Build.0 = Release|Any CPU
		{FCDC31EB-B6DE-4201-B2F9-63A5A47D5730}.Debug|Any CPU.ActiveCfg = Debug|Any CPU
		{FCDC31EB-B6DE-4201-B2F9-63A5A47D5730}.Debug|Any CPU.Build.0 = Debug|Any CPU
		{FCDC31EB-B6DE-4201-B2F9-63A5A47D5730}.Release|Any CPU.ActiveCfg = Release|Any CPU
		{FCDC31EB-B6DE-4201-B2F9-63A5A47D5730}.Release|Any CPU.Build.0 = Release|Any CPU
		{C6E9A8E1-CF5C-44C1-94E8-AB4DC7AB1967}.Debug|Any CPU.ActiveCfg = Debug|Any CPU
		{C6E9A8E1-CF5C-44C1-94E8-AB4DC7AB1967}.Debug|Any CPU.Build.0 = Debug|Any CPU
		{C6E9A8E1-CF5C-44C1-94E8-AB4DC7AB1967}.Release|Any CPU.ActiveCfg = Release|Any CPU
		{C6E9A8E1-CF5C-44C1-94E8-AB4DC7AB1967}.Release|Any CPU.Build.0 = Release|Any CPU
		{042EF45E-7AA5-44F7-B4CB-A7F37C120712}.Debug|Any CPU.ActiveCfg = Debug|Any CPU
		{042EF45E-7AA5-44F7-B4CB-A7F37C120712}.Debug|Any CPU.Build.0 = Debug|Any CPU
		{042EF45E-7AA5-44F7-B4CB-A7F37C120712}.Release|Any CPU.ActiveCfg = Release|Any CPU
		{042EF45E-7AA5-44F7-B4CB-A7F37C120712}.Release|Any CPU.Build.0 = Release|Any CPU
		{0EDF1782-3F7E-4F31-825A-7CFBBB6283D6}.Debug|Any CPU.ActiveCfg = Debug|Any CPU
		{0EDF1782-3F7E-4F31-825A-7CFBBB6283D6}.Debug|Any CPU.Build.0 = Debug|Any CPU
		{0EDF1782-3F7E-4F31-825A-7CFBBB6283D6}.Release|Any CPU.ActiveCfg = Release|Any CPU
		{0EDF1782-3F7E-4F31-825A-7CFBBB6283D6}.Release|Any CPU.Build.0 = Release|Any CPU
		{0E0BCA63-A1B2-4D6A-A46A-D0F5435686EF}.Debug|Any CPU.ActiveCfg = Debug|Any CPU
		{0E0BCA63-A1B2-4D6A-A46A-D0F5435686EF}.Debug|Any CPU.Build.0 = Debug|Any CPU
		{0E0BCA63-A1B2-4D6A-A46A-D0F5435686EF}.Release|Any CPU.ActiveCfg = Release|Any CPU
		{0E0BCA63-A1B2-4D6A-A46A-D0F5435686EF}.Release|Any CPU.Build.0 = Release|Any CPU
		{8F1F0F6C-B429-4DA5-AD90-018C26D9788F}.Debug|Any CPU.ActiveCfg = Debug|Any CPU
		{8F1F0F6C-B429-4DA5-AD90-018C26D9788F}.Debug|Any CPU.Build.0 = Debug|Any CPU
		{8F1F0F6C-B429-4DA5-AD90-018C26D9788F}.Release|Any CPU.ActiveCfg = Release|Any CPU
		{8F1F0F6C-B429-4DA5-AD90-018C26D9788F}.Release|Any CPU.Build.0 = Release|Any CPU
		{BB98F6B7-30C2-4DF5-8B2F-D3790A56DD75}.Debug|Any CPU.ActiveCfg = Debug|Any CPU
		{BB98F6B7-30C2-4DF5-8B2F-D3790A56DD75}.Debug|Any CPU.Build.0 = Debug|Any CPU
		{BB98F6B7-30C2-4DF5-8B2F-D3790A56DD75}.Release|Any CPU.ActiveCfg = Release|Any CPU
		{BB98F6B7-30C2-4DF5-8B2F-D3790A56DD75}.Release|Any CPU.Build.0 = Release|Any CPU
		{2C211518-EF76-4217-8B47-2650D1E6F2DB}.Debug|Any CPU.ActiveCfg = Debug|Any CPU
		{2C211518-EF76-4217-8B47-2650D1E6F2DB}.Debug|Any CPU.Build.0 = Debug|Any CPU
		{2C211518-EF76-4217-8B47-2650D1E6F2DB}.Release|Any CPU.ActiveCfg = Release|Any CPU
		{2C211518-EF76-4217-8B47-2650D1E6F2DB}.Release|Any CPU.Build.0 = Release|Any CPU
	EndGlobalSection
	GlobalSection(SolutionProperties) = preSolution
		HideSolutionNode = FALSE
	EndGlobalSection
	GlobalSection(ExtensibilityGlobals) = postSolution
		SolutionGuid = {2461E806-48A9-4D51-A6D9-8F3ED295F273}
	EndGlobalSection
EndGlobal
